
Microsoft Visual Studio Solution File, Format Version 12.00
# Visual Studio Version 16
VisualStudioVersion = 16.0.30804.86
MinimumVisualStudioVersion = 10.0.40219.1
Project("{9A19103F-16F7-4668-BE54-9A1E7A4F7556}") = "autoCardboard.Pandemic.Test", "autoCardboard.Pandemic.Test\autoCardboard.Pandemic.Test.csproj", "{D278AC30-926B-409E-9A9E-03C6A83464B6}"
EndProject
Project("{9A19103F-16F7-4668-BE54-9A1E7A4F7556}") = "autoCardboard.ForSale.Test", "autoCardboard.ForSale.Test\autoCardboard.ForSale.Test.csproj", "{29B5E25C-8DF9-4241-BF02-950B8F94515F}"
EndProject
Project("{9A19103F-16F7-4668-BE54-9A1E7A4F7556}") = "autoCardboard.Common.Test", "autoCardboard.Common.Test\autoCardboard.Common.Test.csproj", "{72AABFD3-C9CB-4FD8-A46C-54287F6B813E}"
EndProject
Project("{9A19103F-16F7-4668-BE54-9A1E7A4F7556}") = "autoCardboard.Common", "autoCardboard.Common\autoCardboard.Common.csproj", "{F2D5D442-055A-4C59-BA8A-743778AFDF8F}"
EndProject
Project("{9A19103F-16F7-4668-BE54-9A1E7A4F7556}") = "autoCardboard.ForSale", "autoCardboard.ForSale\autoCardboard.ForSale.csproj", "{58D8B8C9-8BF2-4496-9034-772D4ABA3F21}"
EndProject
Project("{9A19103F-16F7-4668-BE54-9A1E7A4F7556}") = "autoCardboard.Pandemic.Game", "autoCardboard.Pandemic\autoCardboard.Pandemic.Game.csproj", "{6DE1A17A-896C-4E12-921A-30C41D04F922}"
EndProject
Project("{9A19103F-16F7-4668-BE54-9A1E7A4F7556}") = "autoCardboard.Infrastructure", "autoCardboard.Infrastructure\autoCardboard.Infrastructure.csproj", "{FB3FCAAC-F2CF-4F27-92FB-8255908F18CF}"
EndProject
Project("{9A19103F-16F7-4668-BE54-9A1E7A4F7556}") = "autoCardboard.DependencyInjection", "autoCardboard.DependencyInjection\autoCardboard.DependencyInjection.csproj", "{B77A3B05-917D-4F3C-8B94-0095F24A26D4}"
EndProject
Project("{9A19103F-16F7-4668-BE54-9A1E7A4F7556}") = "autoCardboard.Api", "autoCardboard.Api\autoCardboard.Api.csproj", "{5D352C5E-83AB-42CE-A81C-B3D29564DBB5}"
EndProject
Project("{9A19103F-16F7-4668-BE54-9A1E7A4F7556}") = "autoCardboard.Message.Server", "autoCardboard.Message.Server\autoCardboard.Message.Server.csproj", "{D8A9E98D-40ED-461A-83BE-7CED1400EDEC}"
EndProject
Project("{9A19103F-16F7-4668-BE54-9A1E7A4F7556}") = "autoCardboard.Messaging", "autoCardboard.Messaging\autoCardboard.Messaging.csproj", "{B36B539F-715A-4A74-A718-47CB643F5B59}"
EndProject
Project("{9A19103F-16F7-4668-BE54-9A1E7A4F7556}") = "autoCardBoard.Pandemic.Bots", "autoCardBoard.Pandemic.Bots\autoCardBoard.Pandemic.Bots.csproj", "{5B106C65-91B9-49E3-BC71-CD9FA1DBEDBE}"
EndProject
Project("{9A19103F-16F7-4668-BE54-9A1E7A4F7556}") = "autoCardboard.Pandemic.State", "autoCardboard.Pandemic.State\autoCardboard.Pandemic.State.csproj", "{AF2F66A9-0296-4A28-8B3A-1580B9283E24}"
EndProject
Project("{9A19103F-16F7-4668-BE54-9A1E7A4F7556}") = "autoCardboard.Pandemic.TurnState", "autoCardboard.Pandemic.TurnState\autoCardboard.Pandemic.TurnState.csproj", "{D95EB48F-1985-4CF2-9416-4F2397C21516}"
EndProject
Project("{9A19103F-16F7-4668-BE54-9A1E7A4F7556}") = "autoCardBoard.Pandemic.Bots.Test", "autoCardBoard.Pandemic.Bots.Test\autoCardBoard.Pandemic.Bots.Test.csproj", "{F89AA888-F51B-423D-85C0-590EE54E6127}"
EndProject
Global
	GlobalSection(SolutionConfigurationPlatforms) = preSolution
		Debug|Any CPU = Debug|Any CPU
		Release|Any CPU = Release|Any CPU
	EndGlobalSection
	GlobalSection(ProjectConfigurationPlatforms) = postSolution
		{D278AC30-926B-409E-9A9E-03C6A83464B6}.Debug|Any CPU.ActiveCfg = Debug|Any CPU
		{D278AC30-926B-409E-9A9E-03C6A83464B6}.Debug|Any CPU.Build.0 = Debug|Any CPU
		{D278AC30-926B-409E-9A9E-03C6A83464B6}.Release|Any CPU.ActiveCfg = Release|Any CPU
		{D278AC30-926B-409E-9A9E-03C6A83464B6}.Release|Any CPU.Build.0 = Release|Any CPU
		{29B5E25C-8DF9-4241-BF02-950B8F94515F}.Debug|Any CPU.ActiveCfg = Debug|Any CPU
		{29B5E25C-8DF9-4241-BF02-950B8F94515F}.Debug|Any CPU.Build.0 = Debug|Any CPU
		{29B5E25C-8DF9-4241-BF02-950B8F94515F}.Release|Any CPU.ActiveCfg = Release|Any CPU
		{29B5E25C-8DF9-4241-BF02-950B8F94515F}.Release|Any CPU.Build.0 = Release|Any CPU
		{72AABFD3-C9CB-4FD8-A46C-54287F6B813E}.Debug|Any CPU.ActiveCfg = Debug|Any CPU
		{72AABFD3-C9CB-4FD8-A46C-54287F6B813E}.Debug|Any CPU.Build.0 = Debug|Any CPU
		{72AABFD3-C9CB-4FD8-A46C-54287F6B813E}.Release|Any CPU.ActiveCfg = Release|Any CPU
		{72AABFD3-C9CB-4FD8-A46C-54287F6B813E}.Release|Any CPU.Build.0 = Release|Any CPU
		{F2D5D442-055A-4C59-BA8A-743778AFDF8F}.Debug|Any CPU.ActiveCfg = Debug|Any CPU
		{F2D5D442-055A-4C59-BA8A-743778AFDF8F}.Debug|Any CPU.Build.0 = Debug|Any CPU
		{F2D5D442-055A-4C59-BA8A-743778AFDF8F}.Release|Any CPU.ActiveCfg = Release|Any CPU
		{F2D5D442-055A-4C59-BA8A-743778AFDF8F}.Release|Any CPU.Build.0 = Release|Any CPU
		{58D8B8C9-8BF2-4496-9034-772D4ABA3F21}.Debug|Any CPU.ActiveCfg = Debug|Any CPU
		{58D8B8C9-8BF2-4496-9034-772D4ABA3F21}.Debug|Any CPU.Build.0 = Debug|Any CPU
		{58D8B8C9-8BF2-4496-9034-772D4ABA3F21}.Release|Any CPU.ActiveCfg = Release|Any CPU
		{58D8B8C9-8BF2-4496-9034-772D4ABA3F21}.Release|Any CPU.Build.0 = Release|Any CPU
		{6DE1A17A-896C-4E12-921A-30C41D04F922}.Debug|Any CPU.ActiveCfg = Debug|Any CPU
		{6DE1A17A-896C-4E12-921A-30C41D04F922}.Debug|Any CPU.Build.0 = Debug|Any CPU
		{6DE1A17A-896C-4E12-921A-30C41D04F922}.Release|Any CPU.ActiveCfg = Release|Any CPU
		{6DE1A17A-896C-4E12-921A-30C41D04F922}.Release|Any CPU.Build.0 = Release|Any CPU
		{FB3FCAAC-F2CF-4F27-92FB-8255908F18CF}.Debug|Any CPU.ActiveCfg = Debug|Any CPU
		{FB3FCAAC-F2CF-4F27-92FB-8255908F18CF}.Debug|Any CPU.Build.0 = Debug|Any CPU
		{FB3FCAAC-F2CF-4F27-92FB-8255908F18CF}.Release|Any CPU.ActiveCfg = Release|Any CPU
		{FB3FCAAC-F2CF-4F27-92FB-8255908F18CF}.Release|Any CPU.Build.0 = Release|Any CPU
		{B77A3B05-917D-4F3C-8B94-0095F24A26D4}.Debug|Any CPU.ActiveCfg = Debug|Any CPU
		{B77A3B05-917D-4F3C-8B94-0095F24A26D4}.Debug|Any CPU.Build.0 = Debug|Any CPU
		{B77A3B05-917D-4F3C-8B94-0095F24A26D4}.Release|Any CPU.ActiveCfg = Release|Any CPU
		{B77A3B05-917D-4F3C-8B94-0095F24A26D4}.Release|Any CPU.Build.0 = Release|Any CPU
		{5D352C5E-83AB-42CE-A81C-B3D29564DBB5}.Debug|Any CPU.ActiveCfg = Debug|Any CPU
		{5D352C5E-83AB-42CE-A81C-B3D29564DBB5}.Debug|Any CPU.Build.0 = Debug|Any CPU
		{5D352C5E-83AB-42CE-A81C-B3D29564DBB5}.Release|Any CPU.ActiveCfg = Release|Any CPU
		{5D352C5E-83AB-42CE-A81C-B3D29564DBB5}.Release|Any CPU.Build.0 = Release|Any CPU
		{D8A9E98D-40ED-461A-83BE-7CED1400EDEC}.Debug|Any CPU.ActiveCfg = Debug|Any CPU
		{D8A9E98D-40ED-461A-83BE-7CED1400EDEC}.Debug|Any CPU.Build.0 = Debug|Any CPU
		{D8A9E98D-40ED-461A-83BE-7CED1400EDEC}.Release|Any CPU.ActiveCfg = Release|Any CPU
		{D8A9E98D-40ED-461A-83BE-7CED1400EDEC}.Release|Any CPU.Build.0 = Release|Any CPU
		{B36B539F-715A-4A74-A718-47CB643F5B59}.Debug|Any CPU.ActiveCfg = Debug|Any CPU
		{B36B539F-715A-4A74-A718-47CB643F5B59}.Debug|Any CPU.Build.0 = Debug|Any CPU
		{B36B539F-715A-4A74-A718-47CB643F5B59}.Release|Any CPU.ActiveCfg = Release|Any CPU
		{B36B539F-715A-4A74-A718-47CB643F5B59}.Release|Any CPU.Build.0 = Release|Any CPU
		{5B106C65-91B9-49E3-BC71-CD9FA1DBEDBE}.Debug|Any CPU.ActiveCfg = Debug|Any CPU
		{5B106C65-91B9-49E3-BC71-CD9FA1DBEDBE}.Debug|Any CPU.Build.0 = Debug|Any CPU
		{5B106C65-91B9-49E3-BC71-CD9FA1DBEDBE}.Release|Any CPU.ActiveCfg = Release|Any CPU
		{5B106C65-91B9-49E3-BC71-CD9FA1DBEDBE}.Release|Any CPU.Build.0 = Release|Any CPU
		{AF2F66A9-0296-4A28-8B3A-1580B9283E24}.Debug|Any CPU.ActiveCfg = Debug|Any CPU
		{AF2F66A9-0296-4A28-8B3A-1580B9283E24}.Debug|Any CPU.Build.0 = Debug|Any CPU
		{AF2F66A9-0296-4A28-8B3A-1580B9283E24}.Release|Any CPU.ActiveCfg = Release|Any CPU
		{AF2F66A9-0296-4A28-8B3A-1580B9283E24}.Release|Any CPU.Build.0 = Release|Any CPU
		{D95EB48F-1985-4CF2-9416-4F2397C21516}.Debug|Any CPU.ActiveCfg = Debug|Any CPU
		{D95EB48F-1985-4CF2-9416-4F2397C21516}.Debug|Any CPU.Build.0 = Debug|Any CPU
		{D95EB48F-1985-4CF2-9416-4F2397C21516}.Release|Any CPU.ActiveCfg = Release|Any CPU
		{D95EB48F-1985-4CF2-9416-4F2397C21516}.Release|Any CPU.Build.0 = Release|Any CPU
		{F89AA888-F51B-423D-85C0-590EE54E6127}.Debug|Any CPU.ActiveCfg = Debug|Any CPU
		{F89AA888-F51B-423D-85C0-590EE54E6127}.Debug|Any CPU.Build.0 = Debug|Any CPU
		{F89AA888-F51B-423D-85C0-590EE54E6127}.Release|Any CPU.ActiveCfg = Release|Any CPU
		{F89AA888-F51B-423D-85C0-590EE54E6127}.Release|Any CPU.Build.0 = Release|Any CPU
	EndGlobalSection
	GlobalSection(SolutionProperties) = preSolution
		HideSolutionNode = FALSE
	EndGlobalSection
	GlobalSection(ExtensibilityGlobals) = postSolution
		SolutionGuid = {42EA1DEB-B410-42EA-97C0-F908F0BDAC3F}
	EndGlobalSection
EndGlobal
